
Microsoft Visual Studio Solution File, Format Version 12.00
# Visual Studio Version 17
VisualStudioVersion = 17.5.33414.496
MinimumVisualStudioVersion = 10.0.40219.1
Project("{FAE04EC0-301F-11D3-BF4B-00C04F79EFBC}") = "yyazokulu", "yyazokulu\yyazokulu.csproj", "{3AC2A8E1-5475-4417-881D-41274E7F1DDA}"
EndProject
Project("{FAE04EC0-301F-11D3-BF4B-00C04F79EFBC}") = "EntityLayer", "EntityLayer\EntityLayer.csproj", "{FC29C02B-F5CF-4541-90E8-6BE0BEC8C326}"
EndProject
Project("{FAE04EC0-301F-11D3-BF4B-00C04F79EFBC}") = "DataAccessLayer", "DataAccessLayer\DataAccessLayer.csproj", "{D983BCDA-0451-4F39-9D94-14C1349A148B}"
	ProjectSection(ProjectDependencies) = postProject
		{FC29C02B-F5CF-4541-90E8-6BE0BEC8C326} = {FC29C02B-F5CF-4541-90E8-6BE0BEC8C326}
	EndProjectSection
EndProject
Project("{FAE04EC0-301F-11D3-BF4B-00C04F79EFBC}") = "BusinessLogicLayer", "BusinessLogicLayer\BusinessLogicLayer.csproj", "{8F3DB661-C9D7-4855-B7EC-879BEABA01AA}"
EndProject
Global
	GlobalSection(SolutionConfigurationPlatforms) = preSolution
		Debug|Any CPU = Debug|Any CPU
		Release|Any CPU = Release|Any CPU
	EndGlobalSection
	GlobalSection(ProjectConfigurationPlatforms) = postSolution
		{3AC2A8E1-5475-4417-881D-41274E7F1DDA}.Debug|Any CPU.ActiveCfg = Debug|Any CPU
		{3AC2A8E1-5475-4417-881D-41274E7F1DDA}.Debug|Any CPU.Build.0 = Debug|Any CPU
		{3AC2A8E1-5475-4417-881D-41274E7F1DDA}.Release|Any CPU.ActiveCfg = Release|Any CPU
		{3AC2A8E1-5475-4417-881D-41274E7F1DDA}.Release|Any CPU.Build.0 = Release|Any CPU
		{FC29C02B-F5CF-4541-90E8-6BE0BEC8C326}.Debug|Any CPU.ActiveCfg = Debug|Any CPU
		{FC29C02B-F5CF-4541-90E8-6BE0BEC8C326}.Debug|Any CPU.Build.0 = Debug|Any CPU
		{FC29C02B-F5CF-4541-90E8-6BE0BEC8C326}.Release|Any CPU.ActiveCfg = Release|Any CPU
		{FC29C02B-F5CF-4541-90E8-6BE0BEC8C326}.Release|Any CPU.Build.0 = Release|Any CPU
		{D983BCDA-0451-4F39-9D94-14C1349A148B}.Debug|Any CPU.ActiveCfg = Debug|Any CPU
		{D983BCDA-0451-4F39-9D94-14C1349A148B}.Debug|Any CPU.Build.0 = Debug|Any CPU
		{D983BCDA-0451-4F39-9D94-14C1349A148B}.Release|Any CPU.ActiveCfg = Release|Any CPU
		{D983BCDA-0451-4F39-9D94-14C1349A148B}.Release|Any CPU.Build.0 = Release|Any CPU
		{8F3DB661-C9D7-4855-B7EC-879BEABA01AA}.Debug|Any CPU.ActiveCfg = Debug|Any CPU
		{8F3DB661-C9D7-4855-B7EC-879BEABA01AA}.Debug|Any CPU.Build.0 = Debug|Any CPU
		{8F3DB661-C9D7-4855-B7EC-879BEABA01AA}.Release|Any CPU.ActiveCfg = Release|Any CPU
		{8F3DB661-C9D7-4855-B7EC-879BEABA01AA}.Release|Any CPU.Build.0 = Release|Any CPU
	EndGlobalSection
	GlobalSection(SolutionProperties) = preSolution
		HideSolutionNode = FALSE
	EndGlobalSection
	GlobalSection(ExtensibilityGlobals) = postSolution
		SolutionGuid = {7CE29506-62C6-4FB5-A781-DB242631B287}
	EndGlobalSection
EndGlobal
